{
  "name": "SPMM",
  "lockfileVersion": 3,
  "requires": true,
  "packages": {
    "": {
      "dependencies": {
        "badge": "^1.0.3",
        "ui": "^0.2.4"
      }
    },
    "node_modules/accept": {
      "version": "1.1.0",
      "resolved": "https://registry.npmjs.org/accept/-/accept-1.1.0.tgz",
      "integrity": "sha512-HDv67+8yQOc2AxloyYtzOE5QEoTq0zS2DHs5b/qr47QlwBxMUAikAvNBM2xYPzzG4OQhl87VZffCwfG5ZFtnWQ==",
      "deprecated": "This version has been deprecated in accordance with the hapi support policy (hapi.im/support). Please upgrade to the latest version to get the best features, bug fixes, and security patches. If you are unable to upgrade at this time, paid support is available for older versions (hapi.im/commercial).",
      "license": "BSD-3-Clause",
      "dependencies": {
        "boom": "2.x.x",
        "hoek": "2.x.x"
      },
      "engines": {
        "node": ">=0.10.32"
      }
    },
    "node_modules/b64": {
      "version": "2.0.1",
      "resolved": "https://registry.npmjs.org/b64/-/b64-2.0.1.tgz",
      "integrity": "sha512-q1mrmys21xu5BsrmBdpXKh4Scgw93LQIuFdL66JMH3v+KxeDqYbH5D2rq+G7PZcZDlaKzjgRBeEEXL0KzZU01g==",
      "deprecated": "This version has been deprecated in accordance with the hapi support policy (hapi.im/support). Please upgrade to the latest version to get the best features, bug fixes, and security patches. If you are unable to upgrade at this time, paid support is available for older versions (hapi.im/commercial).",
      "license": "BSD-3-Clause",
      "dependencies": {
        "hoek": "2.x.x"
      },
      "engines": {
        "node": ">=0.10.32"
      }
    },
    "node_modules/badge": {
      "version": "1.0.3",
      "resolved": "https://registry.npmjs.org/badge/-/badge-1.0.3.tgz",
      "integrity": "sha512-H6CzqjabGrVbjiOl2nuk9NNj6q3M+thSXdXoOYC89zYk37l2HohoG7Gs0ex+A1+EIvuvEszmHqiKNfswKo8ydw==",
      "license": "MIT",
      "dependencies": {
        "hapi": "^6.2.1",
        "joi": "^4.6.2",
        "lodash": "^2.4.1",
        "lru-cache": "^2.5.0",
        "nipple": "^2.5.3",
        "q": "^1.0.1"
      }
    },
    "node_modules/boom": {
      "version": "2.10.1",
      "resolved": "https://registry.npmjs.org/boom/-/boom-2.10.1.tgz",
      "integrity": "sha512-KbiZEa9/vofNcVJXGwdWWn25reQ3V3dHBWbS07FTF3/TOehLnm9GEhJV4T6ZvGPkShRpmUqYwnaCrkj0mRnP6Q==",
      "deprecated": "This version has been deprecated in accordance with the hapi support policy (hapi.im/support). Please upgrade to the latest version to get the best features, bug fixes, and security patches. If you are unable to upgrade at this time, paid support is available for older versions (hapi.im/commercial).",
      "license": "BSD-3-Clause",
      "dependencies": {
        "hoek": "2.x.x"
      },
      "engines": {
        "node": ">=0.10.40"
      }
    },
    "node_modules/bossy": {
      "version": "1.0.3",
      "resolved": "https://registry.npmjs.org/bossy/-/bossy-1.0.3.tgz",
      "integrity": "sha512-SClh/uGtcbrVZakPioQTIHBJryzG4zlY0IQSNZ/dbxkVfWXXbzFNC6mgNCc4lDDamCSzUxYXVQWz+xIyERATpw==",
      "deprecated": "This module has moved and is now available at @hapi/bossy. Please update your dependencies as this version is no longer maintained an may contain bugs and security issues.",
      "dependencies": {
        "hoek": "2.x.x"
      },
      "engines": {
        "node": ">=0.10.30"
      }
    },
    "node_modules/call": {
      "version": "1.0.0",
      "resolved": "https://registry.npmjs.org/call/-/call-1.0.0.tgz",
      "integrity": "sha512-m+hmKD4IERrEEcOYrok/cydermFrvjz7GRxI/ZmYHvVeUDUXUgQ6NQNuORUHiY/QkgWvd2fZ8I55L30UtLbtaQ==",
      "deprecated": "This version has been deprecated in accordance with the hapi support policy (hapi.im/support). Please upgrade to the latest version to get the best features, bug fixes, and security patches. If you are unable to upgrade at this time, paid support is available for older versions (hapi.im/commercial).",
      "dependencies": {
        "boom": "2.x.x",
        "hoek": "2.x.x"
      },
      "engines": {
        "node": ">=0.10.30"
      }
    },
    "node_modules/catbox": {
      "version": "3.4.3",
      "resolved": "https://registry.npmjs.org/catbox/-/catbox-3.4.3.tgz",
      "integrity": "sha512-1QGASQOyXS/snrjVKvEdoHD0+CoGA3GwTfSbIstyrmuvVC5LxA/0MHXMrjMPjYEMcmtdAy5S/+owF9vj91uTKg==",
      "deprecated": "This version has been deprecated in accordance with the hapi support policy (hapi.im/support). Please upgrade to the latest version to get the best features, bug fixes, and security patches. If you are unable to upgrade at this time, paid support is available for older versions (hapi.im/commercial).",
      "dependencies": {
        "boom": "2.x.x",
        "hoek": "2.x.x"
      },
      "engines": {
        "node": ">=0.10.32"
      }
    },
    "node_modules/catbox-memory": {
      "version": "1.1.2",
      "resolved": "https://registry.npmjs.org/catbox-memory/-/catbox-memory-1.1.2.tgz",
      "integrity": "sha512-UcKPnS0uT68v4nwsFUIG0tdxEAAEKUDSkBuZn4ZB2C5I7OptznxdwiYGnlTdsCEhs40DboBUtruX76ZtQZRe+w==",
      "deprecated": "This version has been deprecated in accordance with the hapi support policy (hapi.im/support). Please upgrade to the latest version to get the best features, bug fixes, and security patches. If you are unable to upgrade at this time, paid support is available for older versions (hapi.im/commercial).",
      "license": "BSD-3-Clause",
      "dependencies": {
        "hoek": "2.x.x"
      },
      "engines": {
        "node": ">=0.10.30"
      }
    },
    "node_modules/content": {
      "version": "1.0.2",
      "resolved": "https://registry.npmjs.org/content/-/content-1.0.2.tgz",
      "integrity": "sha512-GoVLEdUNleuL4Nv/V4+j9IJOeA6yC/jjmKOslXv6SNWiMwmz0cy7nYNp1Dg12uMZ02yhXCwpvp4Iij0yasTnJw==",
      "deprecated": "This version has been deprecated in accordance with the hapi support policy (hapi.im/support). Please upgrade to the latest version to get the best features, bug fixes, and security patches. If you are unable to upgrade at this time, paid support is available for older versions (hapi.im/commercial).",
      "license": "BSD-3-Clause",
      "dependencies": {
        "boom": "2.x.x",
        "hoek": "2.x.x"
      },
      "engines": {
        "node": ">=0.10.32"
      }
    },
    "node_modules/cryptiles": {
      "version": "2.0.5",
      "resolved": "https://registry.npmjs.org/cryptiles/-/cryptiles-2.0.5.tgz",
      "integrity": "sha512-FFN5KwpvvQTTS5hWPxrU8/QE4kQUc6uwZcrnlMBN82t1MgAtq8mnoDwINBly9Tdr02seeIIhtdF+UH1feBYGog==",
      "deprecated": "This version has been deprecated in accordance with the hapi support policy (hapi.im/support). Please upgrade to the latest version to get the best features, bug fixes, and security patches. If you are unable to upgrade at this time, paid support is available for older versions (hapi.im/commercial).",
      "license": "BSD-3-Clause",
      "dependencies": {
        "boom": "2.x.x"
      },
      "engines": {
        "node": ">=0.10.40"
      }
    },
    "node_modules/h2o2": {
      "version": "1.0.1",
      "resolved": "https://registry.npmjs.org/h2o2/-/h2o2-1.0.1.tgz",
      "integrity": "sha512-LSM9j5clNKgMRENC6vM4wg0YRmpG3fZigHLVv+W2OtKUNjmQ05F+XXqp4O5j2OnCK4/MAUHoAN5vnL0bmLgQsQ==",
      "deprecated": "This module has moved and is now available at @hapi/h2o2. Please update your dependencies as this version is no longer maintained an may contain bugs and security issues.",
      "dependencies": {
        "boom": "2.x.x",
        "hoek": "2.x.x",
        "joi": "^4.7.x",
        "statehood": "^1.2.x",
        "wreck": "5.x.x"
      },
      "engines": {
        "node": ">=0.10.32"
      }
    },
    "node_modules/hapi": {
      "version": "6.11.1",
      "resolved": "https://registry.npmjs.org/hapi/-/hapi-6.11.1.tgz",
      "integrity": "sha512-Wvq/x8tfIKZTUo2mPvOoXNUo1hCbebiNW0GCNIPFGaVgV27In+n1LvVjs/RHrNxlYDJVkNu9XaSlJvcLlwQy7g==",
      "deprecated": "This version contains severe security issues and defects and should not be used! Please upgrade to the latest version of @hapi/hapi or consider a commercial license (https://github.com/hapijs/hapi/issues/4114)",
      "dependencies": {
        "accept": "1.x.x",
        "boom": "^2.5.x",
        "bossy": "1.x.x",
        "call": "1.x.x",
        "catbox": "^3.3.x",
        "catbox-memory": "1.x.x",
        "cryptiles": "2.x.x",
        "h2o2": "1.x.x",
        "heavy": "1.x.x",
        "hoek": "^2.4.x",
        "iron": "2.x.x",
        "items": "1.x.x",
        "joi": "^4.4.x",
        "kilt": "^1.1.x",
        "lru-cache": "2.5.x",
        "mimos": "1.x.x",
        "qs": "2.x.x",
        "semver": "2.3.x",
        "shot": "1.x.x",
        "statehood": "^1.2.x",
        "subtext": "1.x.x",
        "topo": "1.x.x",
        "vision": "1.x.x",
        "wreck": "5.x.x"
      },
      "bin": {
        "hapi": "bin/hapi"
      },
      "engines": {
        "node": ">=0.10.32"
      }
    },
    "node_modules/hapi/node_modules/lru-cache": {
      "version": "2.5.2",
      "resolved": "https://registry.npmjs.org/lru-cache/-/lru-cache-2.5.2.tgz",
      "integrity": "sha512-wyqfj+623mgqv+bpjTdivSoC/LtY9oOrmKz2Cke0NZcgYW9Kce/qWjd9e5PDYf8wuiKfVeo8VnyOSSyeRiUsLw==",
      "license": "MIT"
    },
    "node_modules/heavy": {
      "version": "1.0.0",
      "resolved": "https://registry.npmjs.org/heavy/-/heavy-1.0.0.tgz",
      "integrity": "sha512-TuN+y5iPud6zFO56XPlO03qQSW7Y5Afg5HBTnBPt2RWyZTDx72JHZLeXqYopLsemI/DbzhW9PKYLta14Tm+UVQ==",
      "deprecated": "This version has been deprecated in accordance with the hapi support policy (hapi.im/support). Please upgrade to the latest version to get the best features, bug fixes, and security patches. If you are unable to upgrade at this time, paid support is available for older versions (hapi.im/commercial).",
      "dependencies": {
        "hoek": "2.x.x",
        "joi": "4.x.x"
      },
      "engines": {
        "node": ">=0.10.32"
      }
    },
    "node_modules/hoek": {
      "version": "2.16.3",
      "resolved": "https://registry.npmjs.org/hoek/-/hoek-2.16.3.tgz",
      "integrity": "sha512-V6Yw1rIcYV/4JsnggjBU0l4Kr+EXhpwqXRusENU1Xx6ro00IHPHYNynCuBTOZAPlr3AAmLvchH9I7N/VUdvOwQ==",
      "deprecated": "This version has been deprecated in accordance with the hapi support policy (hapi.im/support). Please upgrade to the latest version to get the best features, bug fixes, and security patches. If you are unable to upgrade at this time, paid support is available for older versions (hapi.im/commercial).",
      "license": "BSD-3-Clause",
      "engines": {
        "node": ">=0.10.40"
      }
    },
    "node_modules/iron": {
      "version": "2.1.3",
      "resolved": "https://registry.npmjs.org/iron/-/iron-2.1.3.tgz",
      "integrity": "sha512-F0TZZhDcpexFAlXQtkAY7gVrMJhCsXmK1SSj8ohbgwPH/F+2CBBca2j/F1Bt6csv9bbaHFJiSokCzW/fiGHeFg==",
      "deprecated": "This version has been deprecated in accordance with the hapi support policy (hapi.im/support). Please upgrade to the latest version to get the best features, bug fixes, and security patches. If you are unable to upgrade at this time, paid support is available for older versions (hapi.im/commercial).",
      "license": "BSD-3-Clause",
      "dependencies": {
        "boom": "2.x.x",
        "cryptiles": "2.x.x",
        "hoek": "2.x.x"
      },
      "engines": {
        "node": ">=0.10.32"
      }
    },
    "node_modules/isemail": {
      "version": "1.2.0",
      "resolved": "https://registry.npmjs.org/isemail/-/isemail-1.2.0.tgz",
      "integrity": "sha512-pZMb1rDrWRAPtVY92VCxWtF+1gExWrCnao+GL1EKHx6z19ovW+xNcnC1iNB7WkbSYWlyl3uwlaH5eaBx2s2crw==",
      "license": "BSD-2-Clause",
      "engines": {
        "node": ">=0.10"
      }
    },
    "node_modules/items": {
      "version": "1.1.1",
      "resolved": "https://registry.npmjs.org/items/-/items-1.1.1.tgz",
      "integrity": "sha512-6f/pBqlK914RLkxsvsmX2xGEMhIVkMQI3rz2RuQ1s5h9IvIzNzngMowLO0k73eseiv4T//zTlW+t7YOBN0TmxQ==",
      "deprecated": "This module has been deprecated in accordance with the hapi support policy (hapi.im/support). Please upgrade to the latest version of hapi to get the best features, bug fixes, and security patches. If you are unable to upgrade at this time, paid support is available for older versions (hapi.im/commercial).",
      "license": "BSD-3-Clause",
      "engines": {
        "node": ">=0.10.40"
      }
    },
    "node_modules/joi": {
      "version": "4.9.0",
      "resolved": "https://registry.npmjs.org/joi/-/joi-4.9.0.tgz",
      "integrity": "sha512-7Vrzrght2JvfdbW/fQh3joGE+oWlAfUKUteZY3V8hDNnoHQI/w7fBrihVnbCY6wiO1RruCqIZDuEdUN6X8i3gQ==",
      "deprecated": "This version has been deprecated in accordance with the hapi support policy (hapi.im/support). Please upgrade to the latest version to get the best features, bug fixes, and security patches. If you are unable to upgrade at this time, paid support is available for older versions (hapi.im/commercial).",
      "dependencies": {
        "hoek": "^2.2.x",
        "isemail": "1.x.x",
        "moment": "2.x.x",
        "topo": "1.x.x"
      },
      "engines": {
        "node": ">=0.10.30"
      }
    },
    "node_modules/kilt": {
      "version": "1.1.1",
      "resolved": "https://registry.npmjs.org/kilt/-/kilt-1.1.1.tgz",
      "integrity": "sha512-j6qVf+w10bxAvgCDyLx6tfza3lpPmjFMkg0HcVvWIvCL4CQ1VMeN6VNWhKDBGTeqc1iBz3pHPbgVfGeQNYQuoQ==",
      "deprecated": "This module is no longer maintained.",
      "dependencies": {
        "hoek": "2.x.x"
      },
      "engines": {
        "node": ">=0.10.30"
      }
    },
    "node_modules/lodash": {
      "version": "2.4.2",
      "resolved": "https://registry.npmjs.org/lodash/-/lodash-2.4.2.tgz",
      "integrity": "sha512-Kak1hi6/hYHGVPmdyiZijoQyz5x2iGVzs6w9GYB/HiXEtylY7tIoYEROMjvM1d9nXJqPOrG2MNPMn01bJ+S0Rw==",
      "engines": [
        "node",
        "rhino"
      ],
      "license": "MIT"
    },
    "node_modules/lru-cache": {
      "version": "2.7.3",
      "resolved": "https://registry.npmjs.org/lru-cache/-/lru-cache-2.7.3.tgz",
      "integrity": "sha512-WpibWJ60c3AgAz8a2iYErDrcT2C7OmKnsWhIcHOjkUHFjkXncJhtLxNSqUmxRxRunpb5I8Vprd7aNSd2NtksJQ==",
      "license": "ISC"
    },
    "node_modules/mime-db": {
      "version": "1.54.0",
      "resolved": "https://registry.npmjs.org/mime-db/-/mime-db-1.54.0.tgz",
      "integrity": "sha512-aU5EJuIN2WDemCcAp2vFBfp/m4EAhWJnUNSSw0ixs7/kXbd6Pg64EmwJkNdFhB8aWt1sH2CTXrLxo/iAGV3oPQ==",
      "license": "MIT",
      "engines": {
        "node": ">= 0.6"
      }
    },
    "node_modules/mimos": {
      "version": "1.0.1",
      "resolved": "https://registry.npmjs.org/mimos/-/mimos-1.0.1.tgz",
      "integrity": "sha512-ppWXAA79L+uoNsaRfxVRW27wHP+kZ/rgJ1YLrH7dBJ+7yQ/aWoL43IPtekzzwGYSrkUZVOEx7FMuz+GwC8TluA==",
      "deprecated": "This version has been deprecated in accordance with the hapi support policy (hapi.im/support). Please upgrade to the latest version to get the best features, bug fixes, and security patches. If you are unable to upgrade at this time, paid support is available for older versions (hapi.im/commercial).",
      "dependencies": {
        "hoek": "2.x.x",
        "mime-db": "1.x.x"
      },
      "engines": {
        "node": ">=0.10.32"
      }
    },
    "node_modules/moment": {
      "version": "2.30.1",
      "resolved": "https://registry.npmjs.org/moment/-/moment-2.30.1.tgz",
      "integrity": "sha512-uEmtNhbDOrWPFS+hdjFCBfy9f2YoyzRpwcl+DqpC6taX21FzsTLQVbMV/W7PzNSX6x/bhC1zA3c2UQ5NzH6how==",
      "license": "MIT",
      "engines": {
        "node": "*"
      }
    },
    "node_modules/nigel": {
      "version": "1.0.1",
      "resolved": "https://registry.npmjs.org/nigel/-/nigel-1.0.1.tgz",
      "integrity": "sha512-bs0NxZsCVwz2Uzu/OyOyACETg3pXqPtWLt+k/E4G1Wo0cwc1YeSmDoH2dCz95fqrhKTsx9sHCcNR1amm8dCT5g==",
      "deprecated": "This version has been deprecated in accordance with the hapi support policy (hapi.im/support). Please upgrade to the latest version to get the best features, bug fixes, and security patches. If you are unable to upgrade at this time, paid support is available for older versions (hapi.im/commercial).",
      "dependencies": {
        "hoek": "2.x.x",
        "vise": "1.x.x"
      },
      "engines": {
        "node": ">=0.10.32"
      }
    },
    "node_modules/nipple": {
      "version": "2.5.6",
      "resolved": "https://registry.npmjs.org/nipple/-/nipple-2.5.6.tgz",
      "integrity": "sha512-yLOppNa5UG0TG8PqeljaC9cpHhHF6VNgaI8wJaZZitjeOzOszA3IYspbUFZr9YesKaBob5F4dex27rYEtvkZbA==",
      "deprecated": "This module is no longer maintained and contains known bugs and security issues.",
      "dependencies": {
        "boom": "2.x.x",
        "hoek": "2.x.x"
      },
      "engines": {
        "node": ">=0.10.30"
      }
    },
    "node_modules/pez": {
      "version": "1.0.0",
      "resolved": "https://registry.npmjs.org/pez/-/pez-1.0.0.tgz",
      "integrity": "sha512-5A4pXNMpVIxqCkFPSHf7hgXq9i67sWsK5K9+P5xn2Iw5fbcXV2SNuKWf6nVRRf3P9Gq2VLgj9lEbkuLjetrgbg==",
      "deprecated": "This version has been deprecated in accordance with the hapi support policy (hapi.im/support). Please upgrade to the latest version to get the best features, bug fixes, and security patches. If you are unable to upgrade at this time, paid support is available for older versions (hapi.im/commercial).",
      "dependencies": {
        "b64": "2.x.x",
        "boom": "2.x.x",
        "content": "1.x.x",
        "hoek": "2.x.x",
        "nigel": "1.x.x"
      },
      "engines": {
        "node": ">=0.10.32"
      }
    },
    "node_modules/q": {
      "version": "1.5.1",
      "resolved": "https://registry.npmjs.org/q/-/q-1.5.1.tgz",
      "integrity": "sha512-kV/CThkXo6xyFEZUugw/+pIOywXcDbFYgSct5cT3gqlbkBE1SJdwy6UQoZvodiWF/ckQLZyDE/Bu1M6gVu5lVw==",
      "deprecated": "You or someone you depend on is using Q, the JavaScript Promise library that gave JavaScript developers strong feelings about promises. They can almost certainly migrate to the native JavaScript promise now. Thank you literally everyone for joining me in this bet against the odds. Be excellent to each other.\n\n(For a CapTP with native promises, see @endo/eventual-send and @endo/captp)",
      "license": "MIT",
      "engines": {
        "node": ">=0.6.0",
        "teleport": ">=0.2.0"
      }
    },
    "node_modules/qs": {
      "version": "2.4.2",
      "resolved": "https://registry.npmjs.org/qs/-/qs-2.4.2.tgz",
      "integrity": "sha512-Ur2glV49dt6jknphzkWeLUNCy7pmwGxGaEJuuxVVBioSwQzT00cZPLEtRqr4cg/iO/6N+RbfB0lFD2EovyeEng=="
    },
    "node_modules/semver": {
      "version": "2.3.2",
      "resolved": "https://registry.npmjs.org/semver/-/semver-2.3.2.tgz",
      "integrity": "sha512-abLdIKCosKfpnmhS52NCTjO4RiLspDfsn37prjzGrp9im5DPJOgh82Os92vtwGh6XdQryKI/7SREZnV+aqiXrA==",
      "license": "BSD",
      "bin": {
        "semver": "bin/semver"
      }
    },
    "node_modules/shot": {
      "version": "1.7.0",
      "resolved": "https://registry.npmjs.org/shot/-/shot-1.7.0.tgz",
      "integrity": "sha512-6v6On/Z6PGQWPoaJPo9lV3On1dJ6B4rh/hm1Fv0AcOuk1Ml9OhBDRkZ8Gz1qDBeqR2bu1LtqZ2pPDKI5DeMpxA==",
      "deprecated": "This version has been deprecated in accordance with the hapi support policy (hapi.im/support). Please upgrade to the latest version to get the best features, bug fixes, and security patches. If you are unable to upgrade at this time, paid support is available for older versions (hapi.im/commercial).",
      "license": "BSD-3-Clause",
      "dependencies": {
        "hoek": "2.x.x"
      },
      "engines": {
        "node": ">=0.10.40"
      }
    },
    "node_modules/statehood": {
      "version": "1.2.0",
      "resolved": "https://registry.npmjs.org/statehood/-/statehood-1.2.0.tgz",
      "integrity": "sha512-EutCEWz9Np096V/3DObN6gv9ADH3rJS4/rcvP1/vl3E1KdisZmIP/KEkrWlxklpCyXSfjP7phs79gidN6QMzXQ==",
      "deprecated": "This version has been deprecated in accordance with the hapi support policy (hapi.im/support). Please upgrade to the latest version to get the best features, bug fixes, and security patches. If you are unable to upgrade at this time, paid support is available for older versions (hapi.im/commercial).",
      "dependencies": {
        "boom": "2.x.x",
        "cryptiles": "2.x.x",
        "hoek": "2.x.x",
        "iron": "2.x.x",
        "items": "1.x.x"
      },
      "engines": {
        "node": ">=0.10.30"
      }
    },
    "node_modules/std": {
      "version": "0.1.40",
      "resolved": "https://registry.npmjs.org/std/-/std-0.1.40.tgz",
      "integrity": "sha512-wUf57hkDGCoVShrhPA8Q7lAg2Qosk+FaMlECmAsr1A4/rL2NRXFHQGBcgMUFKVkPEemJFW9gzjCQisRty14ohg==",
      "engines": {
        "node": "*"
      }
    },
    "node_modules/subtext": {
      "version": "1.1.1",
      "resolved": "https://registry.npmjs.org/subtext/-/subtext-1.1.1.tgz",
      "integrity": "sha512-+V+WHkjp+DyG62LNIa7+XB5hS+BjTM4rnrKSN9EiMD8nYLwFc9yTdUCJ4D2xvhb+Zx4GtdSV7lsxp6HVgisChw==",
      "deprecated": "This version has been deprecated in accordance with the hapi support policy (hapi.im/support). Please upgrade to the latest version to get the best features, bug fixes, and security patches. If you are unable to upgrade at this time, paid support is available for older versions (hapi.im/commercial).",
      "license": "BSD-3-Clause",
      "dependencies": {
        "boom": "2.x.x",
        "content": "1.x.x",
        "hoek": "2.x.x",
        "pez": "1.x.x",
        "qs": "4.x.x",
        "wreck": "6.x.x"
      },
      "engines": {
        "node": ">=0.10.32"
      }
    },
    "node_modules/subtext/node_modules/qs": {
      "version": "4.0.0",
      "resolved": "https://registry.npmjs.org/qs/-/qs-4.0.0.tgz",
      "integrity": "sha512-8MPmJ83uBOPsQj5tQCv4g04/nTiY+d17yl9o3Bw73vC6XlEm2POIRRlOgWJ8i74bkGLII670cDJJZkgiZ2sIkg==",
      "license": "BSD-3-Clause"
    },
    "node_modules/subtext/node_modules/wreck": {
      "version": "6.3.0",
      "resolved": "https://registry.npmjs.org/wreck/-/wreck-6.3.0.tgz",
      "integrity": "sha512-jRAfuPkekn1Mr+1qSB5UK53WXVbbqJKV9GYqe4ue1eStEyiICSES58jGXAbxF5hzSJupy9/F3GBu5YDxVGYdzw==",
      "deprecated": "This version has been deprecated in accordance with the hapi support policy (hapi.im/support). Please upgrade to the latest version to get the best features, bug fixes, and security patches. If you are unable to upgrade at this time, paid support is available for older versions (hapi.im/commercial).",
      "license": "BSD-3-Clause",
      "dependencies": {
        "boom": "2.x.x",
        "hoek": "2.x.x"
      },
      "engines": {
        "node": ">=0.10.40"
      }
    },
    "node_modules/topo": {
      "version": "1.1.0",
      "resolved": "https://registry.npmjs.org/topo/-/topo-1.1.0.tgz",
      "integrity": "sha512-vpmONxdZoD0R3hzH0lovwv8QmsqZmGCDE1wXW9YGD/reiDOAbPKEgRDlBCAt8u8nJhav/s/I+r+1gvdpA11x7Q==",
      "deprecated": "This version has been deprecated in accordance with the hapi support policy (hapi.im/support). Please upgrade to the latest version to get the best features, bug fixes, and security patches. If you are unable to upgrade at this time, paid support is available for older versions (hapi.im/commercial).",
      "license": "BSD-3-Clause",
      "dependencies": {
        "hoek": "2.x.x"
      },
      "engines": {
        "node": ">=0.10.40"
      }
    },
    "node_modules/ui": {
      "version": "0.2.4",
      "resolved": "https://registry.npmjs.org/ui/-/ui-0.2.4.tgz",
      "integrity": "sha512-se2D+frb/i6JwFc7j72IEa0JADF8lfgc6ivOigaYkXHOuZRBtWe8R7UZ2YiXcbJ1dYNsjq40dn39rlNRxmVdPw==",
      "dependencies": {
        "std": "0.1.x"
      },
      "engines": {
        "node": "*"
      }
    },
    "node_modules/vise": {
      "version": "1.0.0",
      "resolved": "https://registry.npmjs.org/vise/-/vise-1.0.0.tgz",
      "integrity": "sha512-wj1sS3OTkQr/BmJWziTUVMYf6XbQPiHN15POXsJwavwqcKNk7cht1GQJ4JG8kDiRRYpP0i230OW8lbg5jD3ZxQ==",
      "deprecated": "This version has been deprecated in accordance with the hapi support policy (hapi.im/support). Please upgrade to the latest version to get the best features, bug fixes, and security patches. If you are unable to upgrade at this time, paid support is available for older versions (hapi.im/commercial).",
      "dependencies": {
        "hoek": "2.x.x"
      },
      "engines": {
        "node": ">=0.10.32"
      }
    },
    "node_modules/vision": {
      "version": "1.2.2",
      "resolved": "https://registry.npmjs.org/vision/-/vision-1.2.2.tgz",
      "integrity": "sha512-B14h3joA9cQUtlc8CE2Bb+bPN0UAVLOGsbO4Puqpmu1fxWjUnrJqqXizcRrW3PgYg/pcCm5zJRQiIfn6yq7aeQ==",
      "deprecated": "This version has been deprecated in accordance with the hapi support policy (hapi.im/support). Please upgrade to the latest version to get the best features, bug fixes, and security patches. If you are unable to upgrade at this time, paid support is available for older versions (hapi.im/commercial).",
      "dependencies": {
        "boom": "2.x.x",
        "hoek": "^2.9.x",
        "joi": "^4.7.x"
      },
      "engines": {
        "node": ">=0.10.32"
      }
    },
    "node_modules/wreck": {
      "version": "5.6.1",
      "resolved": "https://registry.npmjs.org/wreck/-/wreck-5.6.1.tgz",
      "integrity": "sha512-qQn23Ckfti1VoG4uk4FbBBmoIZ1gnzhxhsDYfvWcESyjBnUU173M+0M8+NrxpGaT1W+qmU+MamE4Hj6L8la+TQ==",
      "deprecated": "This version has been deprecated in accordance with the hapi support policy (hapi.im/support). Please upgrade to the latest version to get the best features, bug fixes, and security patches. If you are unable to upgrade at this time, paid support is available for older versions (hapi.im/commercial).",
      "license": "BSD-3-Clause",
      "dependencies": {
        "boom": "2.x.x",
        "hoek": "2.x.x"
      },
      "engines": {
        "node": ">=0.10.30"
      }
    }
  }
}
